
Microsoft Visual Studio Solution File, Format Version 12.00
# Visual Studio Version 16
VisualStudioVersion = 16.0.30204.135
MinimumVisualStudioVersion = 10.0.40219.1
Project("{FAE04EC0-301F-11D3-BF4B-00C04F79EFBC}") = "okkindred_download_images", "okkindred_download_images.csproj", "{0B02AECF-8560-4DCF-9E65-F830EF430EDB}"
EndProject
Global
	GlobalSection(SolutionConfigurationPlatforms) = preSolution
		Debug|Any CPU = Debug|Any CPU
		Release|Any CPU = Release|Any CPU
	EndGlobalSection
	GlobalSection(ProjectConfigurationPlatforms) = postSolution
		{0B02AECF-8560-4DCF-9E65-F830EF430EDB}.Debug|Any CPU.ActiveCfg = Debug|Any CPU
		{0B02AECF-8560-4DCF-9E65-F830EF430EDB}.Debug|Any CPU.Build.0 = Debug|Any CPU
		{0B02AECF-8560-4DCF-9E65-F830EF430EDB}.Release|Any CPU.ActiveCfg = Release|Any CPU
		{0B02AECF-8560-4DCF-9E65-F830EF430EDB}.Release|Any CPU.Build.0 = Release|Any CPU
	EndGlobalSection
	GlobalSection(SolutionProperties) = preSolution
		HideSolutionNode = FALSE
	EndGlobalSection
	GlobalSection(ExtensibilityGlobals) = postSolution
		SolutionGuid = {08B40301-36D6-4C6A-886B-FC75AFA364AE}
	EndGlobalSection
EndGlobal
